
Microsoft Visual Studio Solution File, Format Version 12.00
# Visual Studio Version 16
VisualStudioVersion = 16.0.30517.126
MinimumVisualStudioVersion = 10.0.40219.1
Project("{9A19103F-16F7-4668-BE54-9A1E7A4F7556}") = "FunctionsWithReturns", "FunctionsWithArrays\FunctionsWithReturns.csproj", "{42D6CB62-25C3-44E6-8033-EA84318E886A}"
EndProject
Project("{FAE04EC0-301F-11D3-BF4B-00C04F79EFBC}") = "EpicFight", "EpicFight\EpicFight.csproj", "{EB6DDEE5-F60A-4D36-965C-F9A08EF8ACBE}"
EndProject
Global
	GlobalSection(SolutionConfigurationPlatforms) = preSolution
		Debug|Any CPU = Debug|Any CPU
		Release|Any CPU = Release|Any CPU
	EndGlobalSection
	GlobalSection(ProjectConfigurationPlatforms) = postSolution
		{42D6CB62-25C3-44E6-8033-EA84318E886A}.Debug|Any CPU.ActiveCfg = Debug|Any CPU
		{42D6CB62-25C3-44E6-8033-EA84318E886A}.Debug|Any CPU.Build.0 = Debug|Any CPU
		{42D6CB62-25C3-44E6-8033-EA84318E886A}.Release|Any CPU.ActiveCfg = Release|Any CPU
		{42D6CB62-25C3-44E6-8033-EA84318E886A}.Release|Any CPU.Build.0 = Release|Any CPU
		{EB6DDEE5-F60A-4D36-965C-F9A08EF8ACBE}.Debug|Any CPU.ActiveCfg = Debug|Any CPU
		{EB6DDEE5-F60A-4D36-965C-F9A08EF8ACBE}.Debug|Any CPU.Build.0 = Debug|Any CPU
		{EB6DDEE5-F60A-4D36-965C-F9A08EF8ACBE}.Release|Any CPU.ActiveCfg = Release|Any CPU
		{EB6DDEE5-F60A-4D36-965C-F9A08EF8ACBE}.Release|Any CPU.Build.0 = Release|Any CPU
	EndGlobalSection
	GlobalSection(SolutionProperties) = preSolution
		HideSolutionNode = FALSE
	EndGlobalSection
	GlobalSection(ExtensibilityGlobals) = postSolution
		SolutionGuid = {765FD04E-1B24-43B3-B099-FCBB471073CE}
	EndGlobalSection
EndGlobal
